// !$*UTF8*$!
{
	archiveVersion = 1;
	classes = {
	};
	objectVersion = 50;
	objects = {

/* Begin PBXBuildFile section */
		85909A5B247ABD9D007CA6D0 /* AppDelegate.swift in Sources */ = {isa = PBXBuildFile; fileRef = 85909A5A247ABD9D007CA6D0 /* AppDelegate.swift */; };
		85909A5D247ABD9D007CA6D0 /* SceneDelegate.swift in Sources */ = {isa = PBXBuildFile; fileRef = 85909A5C247ABD9D007CA6D0 /* SceneDelegate.swift */; };
		85909A5F247ABD9D007CA6D0 /* ViewController.swift in Sources */ = {isa = PBXBuildFile; fileRef = 85909A5E247ABD9D007CA6D0 /* ViewController.swift */; };
		85909A62247ABD9E007CA6D0 /* Main.storyboard in Resources */ = {isa = PBXBuildFile; fileRef = 85909A60247ABD9D007CA6D0 /* Main.storyboard */; };
		85909A64247ABDA3007CA6D0 /* Assets.xcassets in Resources */ = {isa = PBXBuildFile; fileRef = 85909A63247ABDA3007CA6D0 /* Assets.xcassets */; };
		85909A67247ABDA3007CA6D0 /* LaunchScreen.storyboard in Resources */ = {isa = PBXBuildFile; fileRef = 85909A65247ABDA3007CA6D0 /* LaunchScreen.storyboard */; };
		85909A72247ABDA4007CA6D0 /* SimpleWeatherTests.swift in Sources */ = {isa = PBXBuildFile; fileRef = 85909A71247ABDA4007CA6D0 /* SimpleWeatherTests.swift */; };
		85909A7D247ABDA4007CA6D0 /* SimpleWeatherUITests.swift in Sources */ = {isa = PBXBuildFile; fileRef = 85909A7C247ABDA4007CA6D0 /* SimpleWeatherUITests.swift */; };
		85909A8B247D8CF0007CA6D0 /* CurrentWeather.swift in Sources */ = {isa = PBXBuildFile; fileRef = 85909A8A247D8CF0007CA6D0 /* CurrentWeather.swift */; };
		85909A8D247D8F75007CA6D0 /* Constants.swift in Sources */ = {isa = PBXBuildFile; fileRef = 85909A8C247D8F75007CA6D0 /* Constants.swift */; };
/* End PBXBuildFile section */

/* Begin PBXContainerItemProxy section */
		85909A6E247ABDA4007CA6D0 /* PBXContainerItemProxy */ = {
			isa = PBXContainerItemProxy;
			containerPortal = 85909A4F247ABD9D007CA6D0 /* Project object */;
			proxyType = 1;
			remoteGlobalIDString = 85909A56247ABD9D007CA6D0;
			remoteInfo = SimpleWeather;
		};
		85909A79247ABDA4007CA6D0 /* PBXContainerItemProxy */ = {
			isa = PBXContainerItemProxy;
			containerPortal = 85909A4F247ABD9D007CA6D0 /* Project object */;
			proxyType = 1;
			remoteGlobalIDString = 85909A56247ABD9D007CA6D0;
			remoteInfo = SimpleWeather;
		};
/* End PBXContainerItemProxy section */

/* Begin PBXFileReference section */
		85909A57247ABD9D007CA6D0 /* SimpleWeather.app */ = {isa = PBXFileReference; explicitFileType = wrapper.application; includeInIndex = 0; path = SimpleWeather.app; sourceTree = BUILT_PRODUCTS_DIR; };
		85909A5A247ABD9D007CA6D0 /* AppDelegate.swift */ = {isa = PBXFileReference; lastKnownFileType = sourcecode.swift; path = AppDelegate.swift; sourceTree = "<group>"; };
		85909A5C247ABD9D007CA6D0 /* SceneDelegate.swift */ = {isa = PBXFileReference; lastKnownFileType = sourcecode.swift; path = SceneDelegate.swift; sourceTree = "<group>"; };
		85909A5E247ABD9D007CA6D0 /* ViewController.swift */ = {isa = PBXFileReference; lastKnownFileType = sourcecode.swift; path = ViewController.swift; sourceTree = "<group>"; };
		85909A61247ABD9E007CA6D0 /* Base */ = {isa = PBXFileReference; lastKnownFileType = file.storyboard; name = Base; path = Base.lproj/Main.storyboard; sourceTree = "<group>"; };
		85909A63247ABDA3007CA6D0 /* Assets.xcassets */ = {isa = PBXFileReference; lastKnownFileType = folder.assetcatalog; path = Assets.xcassets; sourceTree = "<group>"; };
		85909A66247ABDA3007CA6D0 /* Base */ = {isa = PBXFileReference; lastKnownFileType = file.storyboard; name = Base; path = Base.lproj/LaunchScreen.storyboard; sourceTree = "<group>"; };
		85909A68247ABDA3007CA6D0 /* Info.plist */ = {isa = PBXFileReference; lastKnownFileType = text.plist.xml; path = Info.plist; sourceTree = "<group>"; };
		85909A6D247ABDA4007CA6D0 /* SimpleWeatherTests.xctest */ = {isa = PBXFileReference; explicitFileType = wrapper.cfbundle; includeInIndex = 0; path = SimpleWeatherTests.xctest; sourceTree = BUILT_PRODUCTS_DIR; };
		85909A71247ABDA4007CA6D0 /* SimpleWeatherTests.swift */ = {isa = PBXFileReference; lastKnownFileType = sourcecode.swift; path = SimpleWeatherTests.swift; sourceTree = "<group>"; };
		85909A73247ABDA4007CA6D0 /* Info.plist */ = {isa = PBXFileReference; lastKnownFileType = text.plist.xml; path = Info.plist; sourceTree = "<group>"; };
		85909A78247ABDA4007CA6D0 /* SimpleWeatherUITests.xctest */ = {isa = PBXFileReference; explicitFileType = wrapper.cfbundle; includeInIndex = 0; path = SimpleWeatherUITests.xctest; sourceTree = BUILT_PRODUCTS_DIR; };
		85909A7C247ABDA4007CA6D0 /* SimpleWeatherUITests.swift */ = {isa = PBXFileReference; lastKnownFileType = sourcecode.swift; path = SimpleWeatherUITests.swift; sourceTree = "<group>"; };
		85909A7E247ABDA4007CA6D0 /* Info.plist */ = {isa = PBXFileReference; lastKnownFileType = text.plist.xml; path = Info.plist; sourceTree = "<group>"; };
		85909A8A247D8CF0007CA6D0 /* CurrentWeather.swift */ = {isa = PBXFileReference; lastKnownFileType = sourcecode.swift; path = CurrentWeather.swift; sourceTree = "<group>"; };
		85909A8C247D8F75007CA6D0 /* Constants.swift */ = {isa = PBXFileReference; lastKnownFileType = sourcecode.swift; path = Constants.swift; sourceTree = "<group>"; };
/* End PBXFileReference section */

/* Begin PBXFrameworksBuildPhase section */
		85909A54247ABD9D007CA6D0 /* Frameworks */ = {
			isa = PBXFrameworksBuildPhase;
			buildActionMask = 2147483647;
			files = (
			);
			runOnlyForDeploymentPostprocessing = 0;
		};
		85909A6A247ABDA4007CA6D0 /* Frameworks */ = {
			isa = PBXFrameworksBuildPhase;
			buildActionMask = 2147483647;
			files = (
			);
			runOnlyForDeploymentPostprocessing = 0;
		};
		85909A75247ABDA4007CA6D0 /* Frameworks */ = {
			isa = PBXFrameworksBuildPhase;
			buildActionMask = 2147483647;
			files = (
			);
			runOnlyForDeploymentPostprocessing = 0;
		};
/* End PBXFrameworksBuildPhase section */

/* Begin PBXGroup section */
		85909A4E247ABD9D007CA6D0 = {
			isa = PBXGroup;
			children = (
				85909A59247ABD9D007CA6D0 /* SimpleWeather */,
				85909A70247ABDA4007CA6D0 /* SimpleWeatherTests */,
				85909A7B247ABDA4007CA6D0 /* SimpleWeatherUITests */,
				85909A58247ABD9D007CA6D0 /* Products */,
			);
			sourceTree = "<group>";
		};
		85909A58247ABD9D007CA6D0 /* Products */ = {
			isa = PBXGroup;
			children = (
				85909A57247ABD9D007CA6D0 /* SimpleWeather.app */,
				85909A6D247ABDA4007CA6D0 /* SimpleWeatherTests.xctest */,
				85909A78247ABDA4007CA6D0 /* SimpleWeatherUITests.xctest */,
			);
			name = Products;
			sourceTree = "<group>";
		};
		85909A59247ABD9D007CA6D0 /* SimpleWeather */ = {
			isa = PBXGroup;
			children = (
				85909A5A247ABD9D007CA6D0 /* AppDelegate.swift */,
				85909A5C247ABD9D007CA6D0 /* SceneDelegate.swift */,
				85909A5E247ABD9D007CA6D0 /* ViewController.swift */,
				85909A60247ABD9D007CA6D0 /* Main.storyboard */,
				85909A63247ABDA3007CA6D0 /* Assets.xcassets */,
				85909A65247ABDA3007CA6D0 /* LaunchScreen.storyboard */,
				85909A68247ABDA3007CA6D0 /* Info.plist */,
				85909A8A247D8CF0007CA6D0 /* CurrentWeather.swift */,
				85909A8C247D8F75007CA6D0 /* Constants.swift */,
			);
			path = SimpleWeather;
			sourceTree = "<group>";
		};
		85909A70247ABDA4007CA6D0 /* SimpleWeatherTests */ = {
			isa = PBXGroup;
			children = (
				85909A71247ABDA4007CA6D0 /* SimpleWeatherTests.swift */,
				85909A73247ABDA4007CA6D0 /* Info.plist */,
			);
			path = SimpleWeatherTests;
			sourceTree = "<group>";
		};
		85909A7B247ABDA4007CA6D0 /* SimpleWeatherUITests */ = {
			isa = PBXGroup;
			children = (
				85909A7C247ABDA4007CA6D0 /* SimpleWeatherUITests.swift */,
				85909A7E247ABDA4007CA6D0 /* Info.plist */,
			);
			path = SimpleWeatherUITests;
			sourceTree = "<group>";
		};
/* End PBXGroup section */

/* Begin PBXNativeTarget section */
		85909A56247ABD9D007CA6D0 /* SimpleWeather */ = {
			isa = PBXNativeTarget;
			buildConfigurationList = 85909A81247ABDA4007CA6D0 /* Build configuration list for PBXNativeTarget "SimpleWeather" */;
			buildPhases = (
				85909A53247ABD9D007CA6D0 /* Sources */,
				85909A54247ABD9D007CA6D0 /* Frameworks */,
				85909A55247ABD9D007CA6D0 /* Resources */,
			);
			buildRules = (
			);
			dependencies = (
			);
			name = SimpleWeather;
			productName = SimpleWeather;
			productReference = 85909A57247ABD9D007CA6D0 /* SimpleWeather.app */;
			productType = "com.apple.product-type.application";
		};
		85909A6C247ABDA4007CA6D0 /* SimpleWeatherTests */ = {
			isa = PBXNativeTarget;
			buildConfigurationList = 85909A84247ABDA4007CA6D0 /* Build configuration list for PBXNativeTarget "SimpleWeatherTests" */;
			buildPhases = (
				85909A69247ABDA4007CA6D0 /* Sources */,
				85909A6A247ABDA4007CA6D0 /* Frameworks */,
				85909A6B247ABDA4007CA6D0 /* Resources */,
			);
			buildRules = (
			);
			dependencies = (
				85909A6F247ABDA4007CA6D0 /* PBXTargetDependency */,
			);
			name = SimpleWeatherTests;
			productName = SimpleWeatherTests;
			productReference = 85909A6D247ABDA4007CA6D0 /* SimpleWeatherTests.xctest */;
			productType = "com.apple.product-type.bundle.unit-test";
		};
		85909A77247ABDA4007CA6D0 /* SimpleWeatherUITests */ = {
			isa = PBXNativeTarget;
			buildConfigurationList = 85909A87247ABDA4007CA6D0 /* Build configuration list for PBXNativeTarget "SimpleWeatherUITests" */;
			buildPhases = (
				85909A74247ABDA4007CA6D0 /* Sources */,
				85909A75247ABDA4007CA6D0 /* Frameworks */,
				85909A76247ABDA4007CA6D0 /* Resources */,
			);
			buildRules = (
			);
			dependencies = (
				85909A7A247ABDA4007CA6D0 /* PBXTargetDependency */,
			);
			name = SimpleWeatherUITests;
			productName = SimpleWeatherUITests;
			productReference = 85909A78247ABDA4007CA6D0 /* SimpleWeatherUITests.xctest */;
			productType = "com.apple.product-type.bundle.ui-testing";
		};
/* End PBXNativeTarget section */

/* Begin PBXProject section */
		85909A4F247ABD9D007CA6D0 /* Project object */ = {
			isa = PBXProject;
			attributes = {
				LastSwiftUpdateCheck = 1140;
				LastUpgradeCheck = 1140;
				ORGANIZATIONNAME = "Ben Arteaga";
				TargetAttributes = {
					85909A56247ABD9D007CA6D0 = {
						CreatedOnToolsVersion = 11.4.1;
					};
					85909A6C247ABDA4007CA6D0 = {
						CreatedOnToolsVersion = 11.4.1;
						TestTargetID = 85909A56247ABD9D007CA6D0;
					};
					85909A77247ABDA4007CA6D0 = {
						CreatedOnToolsVersion = 11.4.1;
						TestTargetID = 85909A56247ABD9D007CA6D0;
					};
				};
			};
			buildConfigurationList = 85909A52247ABD9D007CA6D0 /* Build configuration list for PBXProject "SimpleWeather" */;
			compatibilityVersion = "Xcode 9.3";
			developmentRegion = en;
			hasScannedForEncodings = 0;
			knownRegions = (
				en,
				Base,
			);
			mainGroup = 85909A4E247ABD9D007CA6D0;
			productRefGroup = 85909A58247ABD9D007CA6D0 /* Products */;
			projectDirPath = "";
			projectRoot = "";
			targets = (
				85909A56247ABD9D007CA6D0 /* SimpleWeather */,
				85909A6C247ABDA4007CA6D0 /* SimpleWeatherTests */,
				85909A77247ABDA4007CA6D0 /* SimpleWeatherUITests */,
			);
		};
/* End PBXProject section */

/* Begin PBXResourcesBuildPhase section */
		85909A55247ABD9D007CA6D0 /* Resources */ = {
			isa = PBXResourcesBuildPhase;
			buildActionMask = 2147483647;
			files = (
				85909A67247ABDA3007CA6D0 /* LaunchScreen.storyboard in Resources */,
				85909A64247ABDA3007CA6D0 /* Assets.xcassets in Resources */,
				85909A62247ABD9E007CA6D0 /* Main.storyboard in Resources */,
			);
			runOnlyForDeploymentPostprocessing = 0;
		};
		85909A6B247ABDA4007CA6D0 /* Resources */ = {
			isa = PBXResourcesBuildPhase;
			buildActionMask = 2147483647;
			files = (
			);
			runOnlyForDeploymentPostprocessing = 0;
		};
		85909A76247ABDA4007CA6D0 /* Resources */ = {
			isa = PBXResourcesBuildPhase;
			buildActionMask = 2147483647;
			files = (
			);
			runOnlyForDeploymentPostprocessing = 0;
		};
/* End PBXResourcesBuildPhase section */

/* Begin PBXSourcesBuildPhase section */
		85909A53247ABD9D007CA6D0 /* Sources */ = {
			isa = PBXSourcesBuildPhase;
			buildActionMask = 2147483647;
			files = (
				85909A8D247D8F75007CA6D0 /* Constants.swift in Sources */,
				85909A5F247ABD9D007CA6D0 /* ViewController.swift in Sources */,
				85909A5B247ABD9D007CA6D0 /* AppDelegate.swift in Sources */,
				85909A8B247D8CF0007CA6D0 /* CurrentWeather.swift in Sources */,
				85909A5D247ABD9D007CA6D0 /* SceneDelegate.swift in Sources */,
			);
			runOnlyForDeploymentPostprocessing = 0;
		};
		85909A69247ABDA4007CA6D0 /* Sources */ = {
			isa = PBXSourcesBuildPhase;
			buildActionMask = 2147483647;
			files = (
				85909A72247ABDA4007CA6D0 /* SimpleWeatherTests.swift in Sources */,
			);
			runOnlyForDeploymentPostprocessing = 0;
		};
		85909A74247ABDA4007CA6D0 /* Sources */ = {
			isa = PBXSourcesBuildPhase;
			buildActionMask = 2147483647;
			files = (
				85909A7D247ABDA4007CA6D0 /* SimpleWeatherUITests.swift in Sources */,
			);
			runOnlyForDeploymentPostprocessing = 0;
		};
/* End PBXSourcesBuildPhase section */

/* Begin PBXTargetDependency section */
		85909A6F247ABDA4007CA6D0 /* PBXTargetDependency */ = {
			isa = PBXTargetDependency;
			target = 85909A56247ABD9D007CA6D0 /* SimpleWeather */;
			targetProxy = 85909A6E247ABDA4007CA6D0 /* PBXContainerItemProxy */;
		};
		85909A7A247ABDA4007CA6D0 /* PBXTargetDependency */ = {
			isa = PBXTargetDependency;
			target = 85909A56247ABD9D007CA6D0 /* SimpleWeather */;
			targetProxy = 85909A79247ABDA4007CA6D0 /* PBXContainerItemProxy */;
		};
/* End PBXTargetDependency section */

/* Begin PBXVariantGroup section */
		85909A60247ABD9D007CA6D0 /* Main.storyboard */ = {
			isa = PBXVariantGroup;
			children = (
				85909A61247ABD9E007CA6D0 /* Base */,
			);
			name = Main.storyboard;
			sourceTree = "<group>";
		};
		85909A65247ABDA3007CA6D0 /* LaunchScreen.storyboard */ = {
			isa = PBXVariantGroup;
			children = (
				85909A66247ABDA3007CA6D0 /* Base */,
			);
			name = LaunchScreen.storyboard;
			sourceTree = "<group>";
		};
/* End PBXVariantGroup section */

/* Begin XCBuildConfiguration section */
		85909A7F247ABDA4007CA6D0 /* Debug */ = {
			isa = XCBuildConfiguration;
			buildSettings = {
				ALWAYS_SEARCH_USER_PATHS = NO;
				CLANG_ANALYZER_NONNULL = YES;
				CLANG_ANALYZER_NUMBER_OBJECT_CONVERSION = YES_AGGRESSIVE;
				CLANG_CXX_LANGUAGE_STANDARD = "gnu++14";
				CLANG_CXX_LIBRARY = "libc++";
				CLANG_ENABLE_MODULES = YES;
				CLANG_ENABLE_OBJC_ARC = YES;
				CLANG_ENABLE_OBJC_WEAK = YES;
				CLANG_WARN_BLOCK_CAPTURE_AUTORELEASING = YES;
				CLANG_WARN_BOOL_CONVERSION = YES;
				CLANG_WARN_COMMA = YES;
				CLANG_WARN_CONSTANT_CONVERSION = YES;
				CLANG_WARN_DEPRECATED_OBJC_IMPLEMENTATIONS = YES;
				CLANG_WARN_DIRECT_OBJC_ISA_USAGE = YES_ERROR;
				CLANG_WARN_DOCUMENTATION_COMMENTS = YES;
				CLANG_WARN_EMPTY_BODY = YES;
				CLANG_WARN_ENUM_CONVERSION = YES;
				CLANG_WARN_INFINITE_RECURSION = YES;
				CLANG_WARN_INT_CONVERSION = YES;
				CLANG_WARN_NON_LITERAL_NULL_CONVERSION = YES;
				CLANG_WARN_OBJC_IMPLICIT_RETAIN_SELF = YES;
				CLANG_WARN_OBJC_LITERAL_CONVERSION = YES;
				CLANG_WARN_OBJC_ROOT_CLASS = YES_ERROR;
				CLANG_WARN_RANGE_LOOP_ANALYSIS = YES;
				CLANG_WARN_STRICT_PROTOTYPES = YES;
				CLANG_WARN_SUSPICIOUS_MOVE = YES;
				CLANG_WARN_UNGUARDED_AVAILABILITY = YES_AGGRESSIVE;
				CLANG_WARN_UNREACHABLE_CODE = YES;
				CLANG_WARN__DUPLICATE_METHOD_MATCH = YES;
				COPY_PHASE_STRIP = NO;
				DEBUG_INFORMATION_FORMAT = dwarf;
				ENABLE_STRICT_OBJC_MSGSEND = YES;
				ENABLE_TESTABILITY = YES;
				GCC_C_LANGUAGE_STANDARD = gnu11;
				GCC_DYNAMIC_NO_PIC = NO;
				GCC_NO_COMMON_BLOCKS = YES;
				GCC_OPTIMIZATION_LEVEL = 0;
				GCC_PREPROCESSOR_DEFINITIONS = (
					"DEBUG=1",
					"$(inherited)",
				);
				GCC_WARN_64_TO_32_BIT_CONVERSION = YES;
				GCC_WARN_ABOUT_RETURN_TYPE = YES_ERROR;
				GCC_WARN_UNDECLARED_SELECTOR = YES;
				GCC_WARN_UNINITIALIZED_AUTOS = YES_AGGRESSIVE;
				GCC_WARN_UNUSED_FUNCTION = YES;
				GCC_WARN_UNUSED_VARIABLE = YES;
				IPHONEOS_DEPLOYMENT_TARGET = 13.4;
				MTL_ENABLE_DEBUG_INFO = INCLUDE_SOURCE;
				MTL_FAST_MATH = YES;
				ONLY_ACTIVE_ARCH = YES;
				SDKROOT = iphoneos;
				SWIFT_ACTIVE_COMPILATION_CONDITIONS = DEBUG;
				SWIFT_OPTIMIZATION_LEVEL = "-Onone";
			};
			name = Debug;
		};
		85909A80247ABDA4007CA6D0 /* Release */ = {
			isa = XCBuildConfiguration;
			buildSettings = {
				ALWAYS_SEARCH_USER_PATHS = NO;
				CLANG_ANALYZER_NONNULL = YES;
				CLANG_ANALYZER_NUMBER_OBJECT_CONVERSION = YES_AGGRESSIVE;
				CLANG_CXX_LANGUAGE_STANDARD = "gnu++14";
				CLANG_CXX_LIBRARY = "libc++";
				CLANG_ENABLE_MODULES = YES;
				CLANG_ENABLE_OBJC_ARC = YES;
				CLANG_ENABLE_OBJC_WEAK = YES;
				CLANG_WARN_BLOCK_CAPTURE_AUTORELEASING = YES;
				CLANG_WARN_BOOL_CONVERSION = YES;
				CLANG_WARN_COMMA = YES;
				CLANG_WARN_CONSTANT_CONVERSION = YES;
				CLANG_WARN_DEPRECATED_OBJC_IMPLEMENTATIONS = YES;
				CLANG_WARN_DIRECT_OBJC_ISA_USAGE = YES_ERROR;
				CLANG_WARN_DOCUMENTATION_COMMENTS = YES;
				CLANG_WARN_EMPTY_BODY = YES;
				CLANG_WARN_ENUM_CONVERSION = YES;
				CLANG_WARN_INFINITE_RECURSION = YES;
				CLANG_WARN_INT_CONVERSION = YES;
				CLANG_WARN_NON_LITERAL_NULL_CONVERSION = YES;
				CLANG_WARN_OBJC_IMPLICIT_RETAIN_SELF = YES;
				CLANG_WARN_OBJC_LITERAL_CONVERSION = YES;
				CLANG_WARN_OBJC_ROOT_CLASS = YES_ERROR;
				CLANG_WARN_RANGE_LOOP_ANALYSIS = YES;
				CLANG_WARN_STRICT_PROTOTYPES = YES;
				CLANG_WARN_SUSPICIOUS_MOVE = YES;
				CLANG_WARN_UNGUARDED_AVAILABILITY = YES_AGGRESSIVE;
				CLANG_WARN_UNREACHABLE_CODE = YES;
				CLANG_WARN__DUPLICATE_METHOD_MATCH = YES;
				COPY_PHASE_STRIP = NO;
				DEBUG_INFORMATION_FORMAT = "dwarf-with-dsym";
				ENABLE_NS_ASSERTIONS = NO;
				ENABLE_STRICT_OBJC_MSGSEND = YES;
				GCC_C_LANGUAGE_STANDARD = gnu11;
				GCC_NO_COMMON_BLOCKS = YES;
				GCC_WARN_64_TO_32_BIT_CONVERSION = YES;
				GCC_WARN_ABOUT_RETURN_TYPE = YES_ERROR;
				GCC_WARN_UNDECLARED_SELECTOR = YES;
				GCC_WARN_UNINITIALIZED_AUTOS = YES_AGGRESSIVE;
				GCC_WARN_UNUSED_FUNCTION = YES;
				GCC_WARN_UNUSED_VARIABLE = YES;
				IPHONEOS_DEPLOYMENT_TARGET = 13.4;
				MTL_ENABLE_DEBUG_INFO = NO;
				MTL_FAST_MATH = YES;
				SDKROOT = iphoneos;
				SWIFT_COMPILATION_MODE = wholemodule;
				SWIFT_OPTIMIZATION_LEVEL = "-O";
				VALIDATE_PRODUCT = YES;
			};
			name = Release;
		};
		85909A82247ABDA4007CA6D0 /* Debug */ = {
			isa = XCBuildConfiguration;
			buildSettings = {
				ASSETCATALOG_COMPILER_APPICON_NAME = AppIcon;
				CODE_SIGN_STYLE = Automatic;
				INFOPLIST_FILE = SimpleWeather/Info.plist;
				LD_RUNPATH_SEARCH_PATHS = (
					"$(inherited)",
					"@executable_path/Frameworks",
				);
				PRODUCT_BUNDLE_IDENTIFIER = edu.umich.barteaga.SimpleWeather;
				PRODUCT_NAME = "$(TARGET_NAME)";
				SWIFT_VERSION = 5.0;
				TARGETED_DEVICE_FAMILY = "1,2";
			};
			name = Debug;
		};
		85909A83247ABDA4007CA6D0 /* Release */ = {
			isa = XCBuildConfiguration;
			buildSettings = {
				ASSETCATALOG_COMPILER_APPICON_NAME = AppIcon;
				CODE_SIGN_STYLE = Automatic;
				INFOPLIST_FILE = SimpleWeather/Info.plist;
				LD_RUNPATH_SEARCH_PATHS = (
					"$(inherited)",
					"@executable_path/Frameworks",
				);
				PRODUCT_BUNDLE_IDENTIFIER = edu.umich.barteaga.SimpleWeather;
				PRODUCT_NAME = "$(TARGET_NAME)";
				SWIFT_VERSION = 5.0;
				TARGETED_DEVICE_FAMILY = "1,2";
			};
			name = Release;
		};
		85909A85247ABDA4007CA6D0 /* Debug */ = {
			isa = XCBuildConfiguration;
			buildSettings = {
				ALWAYS_EMBED_SWIFT_STANDARD_LIBRARIES = YES;
				BUNDLE_LOADER = "$(TEST_HOST)";
				CODE_SIGN_STYLE = Automatic;
				INFOPLIST_FILE = SimpleWeatherTests/Info.plist;
				IPHONEOS_DEPLOYMENT_TARGET = 13.4;
				LD_RUNPATH_SEARCH_PATHS = (
					"$(inherited)",
					"@executable_path/Frameworks",
					"@loader_path/Frameworks",
				);
				PRODUCT_BUNDLE_IDENTIFIER = edu.umich.barteaga.SimpleWeatherTests;
				PRODUCT_NAME = "$(TARGET_NAME)";
				SWIFT_VERSION = 5.0;
				TARGETED_DEVICE_FAMILY = "1,2";
				TEST_HOST = "$(BUILT_PRODUCTS_DIR)/SimpleWeather.app/SimpleWeather";
			};
			name = Debug;
		};
		85909A86247ABDA4007CA6D0 /* Release */ = {
			isa = XCBuildConfiguration;
			buildSettings = {
				ALWAYS_EMBED_SWIFT_STANDARD_LIBRARIES = YES;
				BUNDLE_LOADER = "$(TEST_HOST)";
				CODE_SIGN_STYLE = Automatic;
				INFOPLIST_FILE = SimpleWeatherTests/Info.plist;
				IPHONEOS_DEPLOYMENT_TARGET = 13.4;
				LD_RUNPATH_SEARCH_PATHS = (
					"$(inherited)",
					"@executable_path/Frameworks",
					"@loader_path/Frameworks",
				);
				PRODUCT_BUNDLE_IDENTIFIER = edu.umich.barteaga.SimpleWeatherTests;
				PRODUCT_NAME = "$(TARGET_NAME)";
				SWIFT_VERSION = 5.0;
				TARGETED_DEVICE_FAMILY = "1,2";
				TEST_HOST = "$(BUILT_PRODUCTS_DIR)/SimpleWeather.app/SimpleWeather";
			};
			name = Release;
		};
		85909A88247ABDA4007CA6D0 /* Debug */ = {
			isa = XCBuildConfiguration;
			buildSettings = {
				ALWAYS_EMBED_SWIFT_STANDARD_LIBRARIES = YES;
				CODE_SIGN_STYLE = Automatic;
				INFOPLIST_FILE = SimpleWeatherUITests/Info.plist;
				LD_RUNPATH_SEARCH_PATHS = (
					"$(inherited)",
					"@executable_path/Frameworks",
					"@loader_path/Frameworks",
				);
				PRODUCT_BUNDLE_IDENTIFIER = edu.umich.barteaga.SimpleWeatherUITests;
				PRODUCT_NAME = "$(TARGET_NAME)";
				SWIFT_VERSION = 5.0;
				TARGETED_DEVICE_FAMILY = "1,2";
				TEST_TARGET_NAME = SimpleWeather;
			};
			name = Debug;
		};
		85909A89247ABDA4007CA6D0 /* Release */ = {
			isa = XCBuildConfiguration;
			buildSettings = {
				ALWAYS_EMBED_SWIFT_STANDARD_LIBRARIES = YES;
				CODE_SIGN_STYLE = Automatic;
				INFOPLIST_FILE = SimpleWeatherUITests/Info.plist;
				LD_RUNPATH_SEARCH_PATHS = (
					"$(inherited)",
					"@executable_path/Frameworks",
					"@loader_path/Frameworks",
				);
				PRODUCT_BUNDLE_IDENTIFIER = edu.umich.barteaga.SimpleWeatherUITests;
				PRODUCT_NAME = "$(TARGET_NAME)";
				SWIFT_VERSION = 5.0;
				TARGETED_DEVICE_FAMILY = "1,2";
				TEST_TARGET_NAME = SimpleWeather;
			};
			name = Release;
		};
/* End XCBuildConfiguration section */

/* Begin XCConfigurationList section */
		85909A52247ABD9D007CA6D0 /* Build configuration list for PBXProject "SimpleWeather" */ = {
			isa = XCConfigurationList;
			buildConfigurations = (
				85909A7F247ABDA4007CA6D0 /* Debug */,
				85909A80247ABDA4007CA6D0 /* Release */,
			);
			defaultConfigurationIsVisible = 0;
			defaultConfigurationName = Release;
		};
		85909A81247ABDA4007CA6D0 /* Build configuration list for PBXNativeTarget "SimpleWeather" */ = {
			isa = XCConfigurationList;
			buildConfigurations = (
				85909A82247ABDA4007CA6D0 /* Debug */,
				85909A83247ABDA4007CA6D0 /* Release */,
			);
			defaultConfigurationIsVisible = 0;
			defaultConfigurationName = Release;
		};
		85909A84247ABDA4007CA6D0 /* Build configuration list for PBXNativeTarget "SimpleWeatherTests" */ = {
			isa = XCConfigurationList;
			buildConfigurations = (
				85909A85247ABDA4007CA6D0 /* Debug */,
				85909A86247ABDA4007CA6D0 /* Release */,
			);
			defaultConfigurationIsVisible = 0;
			defaultConfigurationName = Release;
		};
		85909A87247ABDA4007CA6D0 /* Build configuration list for PBXNativeTarget "SimpleWeatherUITests" */ = {
			isa = XCConfigurationList;
			buildConfigurations = (
				85909A88247ABDA4007CA6D0 /* Debug */,
				85909A89247ABDA4007CA6D0 /* Release */,
			);
			defaultConfigurationIsVisible = 0;
			defaultConfigurationName = Release;
		};
/* End XCConfigurationList section */
	};
	rootObject = 85909A4F247ABD9D007CA6D0 /* Project object */;
}
